// !$*UTF8*$!
{
	archiveVersion = 1;
	classes = {
	};
	objectVersion = 48;
	objects = {

/* Begin PBXBuildFile section */
		8611678D210F23950040A601 /* TableViewCell.swift in Sources */ = {isa = PBXBuildFile; fileRef = 8611678C210F23950040A601 /* TableViewCell.swift */; };
		86C993512109DF88007E2C60 /* EdgeInsetLabel.swift in Sources */ = {isa = PBXBuildFile; fileRef = 86C993502109DF88007E2C60 /* EdgeInsetLabel.swift */; };
		86E57DD12105DFBD00AA0FF4 /* AppDelegate.swift in Sources */ = {isa = PBXBuildFile; fileRef = 86E57DD02105DFBD00AA0FF4 /* AppDelegate.swift */; };
		86E57DD32105DFBD00AA0FF4 /* NoteListViewController.swift in Sources */ = {isa = PBXBuildFile; fileRef = 86E57DD22105DFBD00AA0FF4 /* NoteListViewController.swift */; };
		86E57DD62105DFBD00AA0FF4 /* Main.storyboard in Resources */ = {isa = PBXBuildFile; fileRef = 86E57DD42105DFBD00AA0FF4 /* Main.storyboard */; };
		86E57DDB2105DFBD00AA0FF4 /* Assets.xcassets in Resources */ = {isa = PBXBuildFile; fileRef = 86E57DDA2105DFBD00AA0FF4 /* Assets.xcassets */; };
		86E57DDE2105DFBD00AA0FF4 /* LaunchScreen.storyboard in Resources */ = {isa = PBXBuildFile; fileRef = 86E57DDC2105DFBD00AA0FF4 /* LaunchScreen.storyboard */; };
		86E57DEA2105EB9C00AA0FF4 /* NoteViewController.swift in Sources */ = {isa = PBXBuildFile; fileRef = 86E57DE92105EB9C00AA0FF4 /* NoteViewController.swift */; };
		86E57DED2106086E00AA0FF4 /* DataModel.xcdatamodeld in Sources */ = {isa = PBXBuildFile; fileRef = 86E57DEB2106086E00AA0FF4 /* DataModel.xcdatamodeld */; };
		8AE28D7722C503C5000A0128 /* Badge.swift in Sources */ = {isa = PBXBuildFile; fileRef = 8AE28D7622C503C5000A0128 /* Badge.swift */; };
		8AE28D7922C52573000A0128 /* LogInViewController.swift in Sources */ = {isa = PBXBuildFile; fileRef = 8AE28D7822C52573000A0128 /* LogInViewController.swift */; };
		8AE28D7B22C525A0000A0128 /* RegistrationViewController.swift in Sources */ = {isa = PBXBuildFile; fileRef = 8AE28D7A22C525A0000A0128 /* RegistrationViewController.swift */; };
/* End PBXBuildFile section */

/* Begin PBXFileReference section */
		8611678C210F23950040A601 /* TableViewCell.swift */ = {isa = PBXFileReference; lastKnownFileType = sourcecode.swift; path = TableViewCell.swift; sourceTree = "<group>"; };
		86C993502109DF88007E2C60 /* EdgeInsetLabel.swift */ = {isa = PBXFileReference; lastKnownFileType = sourcecode.swift; path = EdgeInsetLabel.swift; sourceTree = "<group>"; };
		86E57DCD2105DFBD00AA0FF4 /* iNotes.app */ = {isa = PBXFileReference; explicitFileType = wrapper.application; includeInIndex = 0; path = iNotes.app; sourceTree = BUILT_PRODUCTS_DIR; };
		86E57DD02105DFBD00AA0FF4 /* AppDelegate.swift */ = {isa = PBXFileReference; lastKnownFileType = sourcecode.swift; path = AppDelegate.swift; sourceTree = "<group>"; };
		86E57DD22105DFBD00AA0FF4 /* NoteListViewController.swift */ = {isa = PBXFileReference; lastKnownFileType = sourcecode.swift; path = NoteListViewController.swift; sourceTree = "<group>"; };
		86E57DD52105DFBD00AA0FF4 /* Base */ = {isa = PBXFileReference; lastKnownFileType = file.storyboard; name = Base; path = Base.lproj/Main.storyboard; sourceTree = "<group>"; };
		86E57DDA2105DFBD00AA0FF4 /* Assets.xcassets */ = {isa = PBXFileReference; lastKnownFileType = folder.assetcatalog; path = Assets.xcassets; sourceTree = "<group>"; };
		86E57DDD2105DFBD00AA0FF4 /* Base */ = {isa = PBXFileReference; lastKnownFileType = file.storyboard; name = Base; path = Base.lproj/LaunchScreen.storyboard; sourceTree = "<group>"; };
		86E57DDF2105DFBD00AA0FF4 /* Info.plist */ = {isa = PBXFileReference; lastKnownFileType = text.plist.xml; path = Info.plist; sourceTree = "<group>"; };
		86E57DE92105EB9C00AA0FF4 /* NoteViewController.swift */ = {isa = PBXFileReference; lastKnownFileType = sourcecode.swift; path = NoteViewController.swift; sourceTree = "<group>"; };
		86E57DEC2106086E00AA0FF4 /* DataModel.xcdatamodel */ = {isa = PBXFileReference; lastKnownFileType = wrapper.xcdatamodel; path = DataModel.xcdatamodel; sourceTree = "<group>"; };
		8AE28D7622C503C5000A0128 /* Badge.swift */ = {isa = PBXFileReference; lastKnownFileType = sourcecode.swift; path = Badge.swift; sourceTree = "<group>"; };
		8AE28D7822C52573000A0128 /* LogInViewController.swift */ = {isa = PBXFileReference; lastKnownFileType = sourcecode.swift; path = LogInViewController.swift; sourceTree = "<group>"; };
		8AE28D7A22C525A0000A0128 /* RegistrationViewController.swift */ = {isa = PBXFileReference; lastKnownFileType = sourcecode.swift; path = RegistrationViewController.swift; sourceTree = "<group>"; };
/* End PBXFileReference section */

/* Begin PBXFrameworksBuildPhase section */
		86E57DCA2105DFBD00AA0FF4 /* Frameworks */ = {
			isa = PBXFrameworksBuildPhase;
			buildActionMask = 2147483647;
			files = (
			);
			runOnlyForDeploymentPostprocessing = 0;
		};
/* End PBXFrameworksBuildPhase section */

/* Begin PBXGroup section */
		86E57DC42105DFBD00AA0FF4 = {
			isa = PBXGroup;
			children = (
				86E57DCF2105DFBD00AA0FF4 /* iNotes */,
				86E57DCE2105DFBD00AA0FF4 /* Products */,
			);
			sourceTree = "<group>";
		};
		86E57DCE2105DFBD00AA0FF4 /* Products */ = {
			isa = PBXGroup;
			children = (
				86E57DCD2105DFBD00AA0FF4 /* iNotes.app */,
			);
			name = Products;
			sourceTree = "<group>";
		};
		86E57DCF2105DFBD00AA0FF4 /* iNotes */ = {
			isa = PBXGroup;
			children = (
				86E57DD02105DFBD00AA0FF4 /* AppDelegate.swift */,
				86E57DD42105DFBD00AA0FF4 /* Main.storyboard */,
				86E57DDA2105DFBD00AA0FF4 /* Assets.xcassets */,
				86E57DDC2105DFBD00AA0FF4 /* LaunchScreen.storyboard */,
				86E57DDF2105DFBD00AA0FF4 /* Info.plist */,
				86E57DD22105DFBD00AA0FF4 /* NoteListViewController.swift */,
				86E57DE92105EB9C00AA0FF4 /* NoteViewController.swift */,
				8611678C210F23950040A601 /* TableViewCell.swift */,
				86C993502109DF88007E2C60 /* EdgeInsetLabel.swift */,
				86E57DEB2106086E00AA0FF4 /* DataModel.xcdatamodeld */,
				8AE28D7622C503C5000A0128 /* Badge.swift */,
				8AE28D7822C52573000A0128 /* LogInViewController.swift */,
				8AE28D7A22C525A0000A0128 /* RegistrationViewController.swift */,
			);
			path = iNotes;
			sourceTree = "<group>";
		};
/* End PBXGroup section */

/* Begin PBXNativeTarget section */
		86E57DCC2105DFBD00AA0FF4 /* iNotes */ = {
			isa = PBXNativeTarget;
			buildConfigurationList = 86E57DE22105DFBD00AA0FF4 /* Build configuration list for PBXNativeTarget "iNotes" */;
			buildPhases = (
				86E57DC92105DFBD00AA0FF4 /* Sources */,
				86E57DCA2105DFBD00AA0FF4 /* Frameworks */,
				86E57DCB2105DFBD00AA0FF4 /* Resources */,
			);
			buildRules = (
			);
			dependencies = (
			);
			name = iNotes;
			productName = iNotes;
			productReference = 86E57DCD2105DFBD00AA0FF4 /* iNotes.app */;
			productType = "com.apple.product-type.application";
		};
/* End PBXNativeTarget section */

/* Begin PBXProject section */
		86E57DC52105DFBD00AA0FF4 /* Project object */ = {
			isa = PBXProject;
			attributes = {
				LastSwiftUpdateCheck = 0920;
				LastUpgradeCheck = 0920;
				ORGANIZATIONNAME = alexey;
				TargetAttributes = {
					86E57DCC2105DFBD00AA0FF4 = {
						CreatedOnToolsVersion = 9.2;
						ProvisioningStyle = Automatic;
					};
				};
			};
			buildConfigurationList = 86E57DC82105DFBD00AA0FF4 /* Build configuration list for PBXProject "iNotes" */;
			compatibilityVersion = "Xcode 8.0";
			developmentRegion = en;
			hasScannedForEncodings = 0;
			knownRegions = (
				en,
				Base,
			);
			mainGroup = 86E57DC42105DFBD00AA0FF4;
			productRefGroup = 86E57DCE2105DFBD00AA0FF4 /* Products */;
			projectDirPath = "";
			projectRoot = "";
			targets = (
				86E57DCC2105DFBD00AA0FF4 /* iNotes */,
			);
		};
/* End PBXProject section */

/* Begin PBXResourcesBuildPhase section */
		86E57DCB2105DFBD00AA0FF4 /* Resources */ = {
			isa = PBXResourcesBuildPhase;
			buildActionMask = 2147483647;
			files = (
				86E57DDE2105DFBD00AA0FF4 /* LaunchScreen.storyboard in Resources */,
				86E57DDB2105DFBD00AA0FF4 /* Assets.xcassets in Resources */,
				86E57DD62105DFBD00AA0FF4 /* Main.storyboard in Resources */,
			);
			runOnlyForDeploymentPostprocessing = 0;
		};
/* End PBXResourcesBuildPhase section */

/* Begin PBXSourcesBuildPhase section */
		86E57DC92105DFBD00AA0FF4 /* Sources */ = {
			isa = PBXSourcesBuildPhase;
			buildActionMask = 2147483647;
			files = (
				8AE28D7722C503C5000A0128 /* Badge.swift in Sources */,
				86E57DD32105DFBD00AA0FF4 /* NoteListViewController.swift in Sources */,
				86E57DED2106086E00AA0FF4 /* DataModel.xcdatamodeld in Sources */,
				8AE28D7B22C525A0000A0128 /* RegistrationViewController.swift in Sources */,
				86E57DD12105DFBD00AA0FF4 /* AppDelegate.swift in Sources */,
				8AE28D7922C52573000A0128 /* LogInViewController.swift in Sources */,
				8611678D210F23950040A601 /* TableViewCell.swift in Sources */,
				86E57DEA2105EB9C00AA0FF4 /* NoteViewController.swift in Sources */,
				86C993512109DF88007E2C60 /* EdgeInsetLabel.swift in Sources */,
			);
			runOnlyForDeploymentPostprocessing = 0;
		};
/* End PBXSourcesBuildPhase section */

/* Begin PBXVariantGroup section */
		86E57DD42105DFBD00AA0FF4 /* Main.storyboard */ = {
			isa = PBXVariantGroup;
			children = (
				86E57DD52105DFBD00AA0FF4 /* Base */,
			);
			name = Main.storyboard;
			sourceTree = "<group>";
		};
		86E57DDC2105DFBD00AA0FF4 /* LaunchScreen.storyboard */ = {
			isa = PBXVariantGroup;
			children = (
				86E57DDD2105DFBD00AA0FF4 /* Base */,
			);
			name = LaunchScreen.storyboard;
			sourceTree = "<group>";
		};
/* End PBXVariantGroup section */

/* Begin XCBuildConfiguration section */
		86E57DE02105DFBD00AA0FF4 /* Debug */ = {
			isa = XCBuildConfiguration;
			buildSettings = {
				ALWAYS_SEARCH_USER_PATHS = NO;
				CLANG_ANALYZER_NONNULL = YES;
				CLANG_ANALYZER_NUMBER_OBJECT_CONVERSION = YES_AGGRESSIVE;
				CLANG_CXX_LANGUAGE_STANDARD = "gnu++14";
				CLANG_CXX_LIBRARY = "libc++";
				CLANG_ENABLE_MODULES = YES;
				CLANG_ENABLE_OBJC_ARC = YES;
				CLANG_WARN_BLOCK_CAPTURE_AUTORELEASING = YES;
				CLANG_WARN_BOOL_CONVERSION = YES;
				CLANG_WARN_COMMA = YES;
				CLANG_WARN_CONSTANT_CONVERSION = YES;
				CLANG_WARN_DIRECT_OBJC_ISA_USAGE = YES_ERROR;
				CLANG_WARN_DOCUMENTATION_COMMENTS = YES;
				CLANG_WARN_EMPTY_BODY = YES;
				CLANG_WARN_ENUM_CONVERSION = YES;
				CLANG_WARN_INFINITE_RECURSION = YES;
				CLANG_WARN_INT_CONVERSION = YES;
				CLANG_WARN_NON_LITERAL_NULL_CONVERSION = YES;
				CLANG_WARN_OBJC_LITERAL_CONVERSION = YES;
				CLANG_WARN_OBJC_ROOT_CLASS = YES_ERROR;
				CLANG_WARN_RANGE_LOOP_ANALYSIS = YES;
				CLANG_WARN_STRICT_PROTOTYPES = YES;
				CLANG_WARN_SUSPICIOUS_MOVE = YES;
				CLANG_WARN_UNGUARDED_AVAILABILITY = YES_AGGRESSIVE;
				CLANG_WARN_UNREACHABLE_CODE = YES;
				CLANG_WARN__DUPLICATE_METHOD_MATCH = YES;
				CODE_SIGN_IDENTITY = "iPhone Developer";
				COPY_PHASE_STRIP = NO;
				DEBUG_INFORMATION_FORMAT = dwarf;
				ENABLE_STRICT_OBJC_MSGSEND = YES;
				ENABLE_TESTABILITY = YES;
				GCC_C_LANGUAGE_STANDARD = gnu11;
				GCC_DYNAMIC_NO_PIC = NO;
				GCC_NO_COMMON_BLOCKS = YES;
				GCC_OPTIMIZATION_LEVEL = 0;
				GCC_PREPROCESSOR_DEFINITIONS = (
					"DEBUG=1",
					"$(inherited)",
				);
				GCC_WARN_64_TO_32_BIT_CONVERSION = YES;
				GCC_WARN_ABOUT_RETURN_TYPE = YES_ERROR;
				GCC_WARN_UNDECLARED_SELECTOR = YES;
				GCC_WARN_UNINITIALIZED_AUTOS = YES_AGGRESSIVE;
				GCC_WARN_UNUSED_FUNCTION = YES;
				GCC_WARN_UNUSED_VARIABLE = YES;
				IPHONEOS_DEPLOYMENT_TARGET = 11.2;
				MTL_ENABLE_DEBUG_INFO = YES;
				ONLY_ACTIVE_ARCH = YES;
				SDKROOT = iphoneos;
				SWIFT_ACTIVE_COMPILATION_CONDITIONS = DEBUG;
				SWIFT_OPTIMIZATION_LEVEL = "-Onone";
			};
			name = Debug;
		};
		86E57DE12105DFBD00AA0FF4 /* Release */ = {
			isa = XCBuildConfiguration;
			buildSettings = {
				ALWAYS_SEARCH_USER_PATHS = NO;
				CLANG_ANALYZER_NONNULL = YES;
				CLANG_ANALYZER_NUMBER_OBJECT_CONVERSION = YES_AGGRESSIVE;
				CLANG_CXX_LANGUAGE_STANDARD = "gnu++14";
				CLANG_CXX_LIBRARY = "libc++";
				CLANG_ENABLE_MODULES = YES;
				CLANG_ENABLE_OBJC_ARC = YES;
				CLANG_WARN_BLOCK_CAPTURE_AUTORELEASING = YES;
				CLANG_WARN_BOOL_CONVERSION = YES;
				CLANG_WARN_COMMA = YES;
				CLANG_WARN_CONSTANT_CONVERSION = YES;
				CLANG_WARN_DIRECT_OBJC_ISA_USAGE = YES_ERROR;
				CLANG_WARN_DOCUMENTATION_COMMENTS = YES;
				CLANG_WARN_EMPTY_BODY = YES;
				CLANG_WARN_ENUM_CONVERSION = YES;
				CLANG_WARN_INFINITE_RECURSION = YES;
				CLANG_WARN_INT_CONVERSION = YES;
				CLANG_WARN_NON_LITERAL_NULL_CONVERSION = YES;
				CLANG_WARN_OBJC_LITERAL_CONVERSION = YES;
				CLANG_WARN_OBJC_ROOT_CLASS = YES_ERROR;
				CLANG_WARN_RANGE_LOOP_ANALYSIS = YES;
				CLANG_WARN_STRICT_PROTOTYPES = YES;
				CLANG_WARN_SUSPICIOUS_MOVE = YES;
				CLANG_WARN_UNGUARDED_AVAILABILITY = YES_AGGRESSIVE;
				CLANG_WARN_UNREACHABLE_CODE = YES;
				CLANG_WARN__DUPLICATE_METHOD_MATCH = YES;
				CODE_SIGN_IDENTITY = "iPhone Developer";
				COPY_PHASE_STRIP = NO;
				DEBUG_INFORMATION_FORMAT = "dwarf-with-dsym";
				ENABLE_NS_ASSERTIONS = NO;
				ENABLE_STRICT_OBJC_MSGSEND = YES;
				GCC_C_LANGUAGE_STANDARD = gnu11;
				GCC_NO_COMMON_BLOCKS = YES;
				GCC_WARN_64_TO_32_BIT_CONVERSION = YES;
				GCC_WARN_ABOUT_RETURN_TYPE = YES_ERROR;
				GCC_WARN_UNDECLARED_SELECTOR = YES;
				GCC_WARN_UNINITIALIZED_AUTOS = YES_AGGRESSIVE;
				GCC_WARN_UNUSED_FUNCTION = YES;
				GCC_WARN_UNUSED_VARIABLE = YES;
				IPHONEOS_DEPLOYMENT_TARGET = 11.2;
				MTL_ENABLE_DEBUG_INFO = NO;
				SDKROOT = iphoneos;
				SWIFT_OPTIMIZATION_LEVEL = "-Owholemodule";
				VALIDATE_PRODUCT = YES;
			};
			name = Release;
		};
		86E57DE32105DFBD00AA0FF4 /* Debug */ = {
			isa = XCBuildConfiguration;
			buildSettings = {
				CODE_SIGN_STYLE = Automatic;
				DEVELOPMENT_TEAM = D3ZQG7MP4M;
				INFOPLIST_FILE = iNotes/Info.plist;
				LD_RUNPATH_SEARCH_PATHS = "$(inherited) @executable_path/Frameworks";
				PRODUCT_BUNDLE_IDENTIFIER = broveloper.iNotes;
				PRODUCT_NAME = "$(TARGET_NAME)";
				SWIFT_VERSION = 4.0;
				TARGETED_DEVICE_FAMILY = "1,2";
			};
			name = Debug;
		};
		86E57DE42105DFBD00AA0FF4 /* Release */ = {
			isa = XCBuildConfiguration;
			buildSettings = {
				CODE_SIGN_STYLE = Automatic;
				DEVELOPMENT_TEAM = D3ZQG7MP4M;
				INFOPLIST_FILE = iNotes/Info.plist;
				LD_RUNPATH_SEARCH_PATHS = "$(inherited) @executable_path/Frameworks";
				PRODUCT_BUNDLE_IDENTIFIER = broveloper.iNotes;
				PRODUCT_NAME = "$(TARGET_NAME)";
				SWIFT_VERSION = 4.0;
				TARGETED_DEVICE_FAMILY = "1,2";
			};
			name = Release;
		};
/* End XCBuildConfiguration section */

/* Begin XCConfigurationList section */
		86E57DC82105DFBD00AA0FF4 /* Build configuration list for PBXProject "iNotes" */ = {
			isa = XCConfigurationList;
			buildConfigurations = (
				86E57DE02105DFBD00AA0FF4 /* Debug */,
				86E57DE12105DFBD00AA0FF4 /* Release */,
			);
			defaultConfigurationIsVisible = 0;
			defaultConfigurationName = Release;
		};
		86E57DE22105DFBD00AA0FF4 /* Build configuration list for PBXNativeTarget "iNotes" */ = {
			isa = XCConfigurationList;
			buildConfigurations = (
				86E57DE32105DFBD00AA0FF4 /* Debug */,
				86E57DE42105DFBD00AA0FF4 /* Release */,
			);
			defaultConfigurationIsVisible = 0;
			defaultConfigurationName = Release;
		};
/* End XCConfigurationList section */

/* Begin XCVersionGroup section */
		86E57DEB2106086E00AA0FF4 /* DataModel.xcdatamodeld */ = {
			isa = XCVersionGroup;
			children = (
				86E57DEC2106086E00AA0FF4 /* DataModel.xcdatamodel */,
			);
			currentVersion = 86E57DEC2106086E00AA0FF4 /* DataModel.xcdatamodel */;
			path = DataModel.xcdatamodeld;
			sourceTree = "<group>";
			versionGroupType = wrapper.xcdatamodel;
		};
/* End XCVersionGroup section */
	};
	rootObject = 86E57DC52105DFBD00AA0FF4 /* Project object */;
}
